// !$*UTF8*$!
{
	archiveVersion = 1;
	classes = {
	};
	objectVersion = 56;
	objects = {

/* Begin PBXBuildFile section */
		EF4062D12C6B923B006E2D7E /* ListViewModelTests.swift in Sources */ = {isa = PBXBuildFile; fileRef = EF4062D02C6B923B006E2D7E /* ListViewModelTests.swift */; };
		EF4062D22C6B9372006E2D7E /* ListViewModel.swift in Sources */ = {isa = PBXBuildFile; fileRef = EF9287DF2C6B7A6D002A435D /* ListViewModel.swift */; };
		EF8B342A2C6BA7B80033D82F /* DemiurgeCellTypeGeneratorImplementation.swift in Sources */ = {isa = PBXBuildFile; fileRef = EFDB9C702C6AB16300A7CC3F /* DemiurgeCellTypeGeneratorImplementation.swift */; };
		EF9287E02C6B7A6D002A435D /* ListViewModel.swift in Sources */ = {isa = PBXBuildFile; fileRef = EF9287DF2C6B7A6D002A435D /* ListViewModel.swift */; };
		EFDB9C392C6A4FDA00A7CC3F /* AppDelegate.swift in Sources */ = {isa = PBXBuildFile; fileRef = EFDB9C382C6A4FDA00A7CC3F /* AppDelegate.swift */; };
		EFDB9C3B2C6A4FDA00A7CC3F /* SceneDelegate.swift in Sources */ = {isa = PBXBuildFile; fileRef = EFDB9C3A2C6A4FDA00A7CC3F /* SceneDelegate.swift */; };
		EFDB9C3D2C6A4FDA00A7CC3F /* ListViewController.swift in Sources */ = {isa = PBXBuildFile; fileRef = EFDB9C3C2C6A4FDA00A7CC3F /* ListViewController.swift */; };
		EFDB9C402C6A4FDA00A7CC3F /* List.storyboard in Resources */ = {isa = PBXBuildFile; fileRef = EFDB9C3E2C6A4FDA00A7CC3F /* List.storyboard */; };
		EFDB9C422C6A4FE600A7CC3F /* Assets.xcassets in Resources */ = {isa = PBXBuildFile; fileRef = EFDB9C412C6A4FE600A7CC3F /* Assets.xcassets */; };
		EFDB9C452C6A4FE600A7CC3F /* LaunchScreen.storyboard in Resources */ = {isa = PBXBuildFile; fileRef = EFDB9C432C6A4FE600A7CC3F /* LaunchScreen.storyboard */; };
		EFDB9C502C6A4FE700A7CC3F /* DemiurgeCellLogicTests.swift in Sources */ = {isa = PBXBuildFile; fileRef = EFDB9C4F2C6A4FE700A7CC3F /* DemiurgeCellLogicTests.swift */; };
		EFDB9C5A2C6A4FE700A7CC3F /* DemiurgeTaskUITests.swift in Sources */ = {isa = PBXBuildFile; fileRef = EFDB9C592C6A4FE700A7CC3F /* DemiurgeTaskUITests.swift */; };
		EFDB9C5C2C6A4FE700A7CC3F /* DemiurgeTaskUITestsLaunchTests.swift in Sources */ = {isa = PBXBuildFile; fileRef = EFDB9C5B2C6A4FE700A7CC3F /* DemiurgeTaskUITestsLaunchTests.swift */; };
		EFDB9C692C6A550F00A7CC3F /* TableViewCell.xib in Resources */ = {isa = PBXBuildFile; fileRef = EFDB9C682C6A550F00A7CC3F /* TableViewCell.xib */; };
		EFDB9C6B2C6A8F8100A7CC3F /* DemiurgeCell.swift in Sources */ = {isa = PBXBuildFile; fileRef = EFDB9C6A2C6A8F8100A7CC3F /* DemiurgeCell.swift */; };
		EFDB9C6D2C6A935400A7CC3F /* DemiurgeCellLogic.swift in Sources */ = {isa = PBXBuildFile; fileRef = EFDB9C6C2C6A935400A7CC3F /* DemiurgeCellLogic.swift */; };
		EFDB9C6F2C6AADF200A7CC3F /* DemiurgeCellTypeGenerator.swift in Sources */ = {isa = PBXBuildFile; fileRef = EFDB9C6E2C6AADF200A7CC3F /* DemiurgeCellTypeGenerator.swift */; };
		EFDB9C712C6AB16300A7CC3F /* DemiurgeCellTypeGeneratorImplementation.swift in Sources */ = {isa = PBXBuildFile; fileRef = EFDB9C702C6AB16300A7CC3F /* DemiurgeCellTypeGeneratorImplementation.swift */; };
		EFDB9C722C6AB18D00A7CC3F /* DemiurgeCellTypeGenerator.swift in Sources */ = {isa = PBXBuildFile; fileRef = EFDB9C6E2C6AADF200A7CC3F /* DemiurgeCellTypeGenerator.swift */; };
		EFDB9C752C6AB20500A7CC3F /* DemiurgeCell.swift in Sources */ = {isa = PBXBuildFile; fileRef = EFDB9C6A2C6A8F8100A7CC3F /* DemiurgeCell.swift */; };
		EFDB9C782C6ABADF00A7CC3F /* TestableDemiurgeCellTypeGenerator.swift in Sources */ = {isa = PBXBuildFile; fileRef = EFDB9C762C6ABAD000A7CC3F /* TestableDemiurgeCellTypeGenerator.swift */; };
		EFDB9C7A2C6ABC2C00A7CC3F /* DemiurgeCellLogic.swift in Sources */ = {isa = PBXBuildFile; fileRef = EFDB9C6C2C6A935400A7CC3F /* DemiurgeCellLogic.swift */; };
		EFDB9C7C2C6B538900A7CC3F /* TableViewCell.swift in Sources */ = {isa = PBXBuildFile; fileRef = EFDB9C7B2C6B538900A7CC3F /* TableViewCell.swift */; };
/* End PBXBuildFile section */

/* Begin PBXContainerItemProxy section */
		EFDB9C4C2C6A4FE700A7CC3F /* PBXContainerItemProxy */ = {
			isa = PBXContainerItemProxy;
			containerPortal = EFDB9C2D2C6A4FDA00A7CC3F /* Project object */;
			proxyType = 1;
			remoteGlobalIDString = EFDB9C342C6A4FDA00A7CC3F;
			remoteInfo = DemiurgeTask;
		};
		EFDB9C562C6A4FE700A7CC3F /* PBXContainerItemProxy */ = {
			isa = PBXContainerItemProxy;
			containerPortal = EFDB9C2D2C6A4FDA00A7CC3F /* Project object */;
			proxyType = 1;
			remoteGlobalIDString = EFDB9C342C6A4FDA00A7CC3F;
			remoteInfo = DemiurgeTask;
		};
/* End PBXContainerItemProxy section */

/* Begin PBXFileReference section */
		EF4062D02C6B923B006E2D7E /* ListViewModelTests.swift */ = {isa = PBXFileReference; lastKnownFileType = sourcecode.swift; path = ListViewModelTests.swift; sourceTree = "<group>"; };
		EF9287DF2C6B7A6D002A435D /* ListViewModel.swift */ = {isa = PBXFileReference; lastKnownFileType = sourcecode.swift; path = ListViewModel.swift; sourceTree = "<group>"; };
		EFDB9C352C6A4FDA00A7CC3F /* DemiurgeTask.app */ = {isa = PBXFileReference; explicitFileType = wrapper.application; includeInIndex = 0; path = DemiurgeTask.app; sourceTree = BUILT_PRODUCTS_DIR; };
		EFDB9C382C6A4FDA00A7CC3F /* AppDelegate.swift */ = {isa = PBXFileReference; lastKnownFileType = sourcecode.swift; path = AppDelegate.swift; sourceTree = "<group>"; };
		EFDB9C3A2C6A4FDA00A7CC3F /* SceneDelegate.swift */ = {isa = PBXFileReference; lastKnownFileType = sourcecode.swift; path = SceneDelegate.swift; sourceTree = "<group>"; };
		EFDB9C3C2C6A4FDA00A7CC3F /* ListViewController.swift */ = {isa = PBXFileReference; lastKnownFileType = sourcecode.swift; path = ListViewController.swift; sourceTree = "<group>"; };
		EFDB9C3F2C6A4FDA00A7CC3F /* Base */ = {isa = PBXFileReference; lastKnownFileType = file.storyboard; name = Base; path = Base.lproj/List.storyboard; sourceTree = "<group>"; };
		EFDB9C412C6A4FE600A7CC3F /* Assets.xcassets */ = {isa = PBXFileReference; lastKnownFileType = folder.assetcatalog; path = Assets.xcassets; sourceTree = "<group>"; };
		EFDB9C442C6A4FE600A7CC3F /* Base */ = {isa = PBXFileReference; lastKnownFileType = file.storyboard; name = Base; path = Base.lproj/LaunchScreen.storyboard; sourceTree = "<group>"; };
		EFDB9C462C6A4FE600A7CC3F /* Info.plist */ = {isa = PBXFileReference; lastKnownFileType = text.plist.xml; path = Info.plist; sourceTree = "<group>"; };
		EFDB9C4B2C6A4FE700A7CC3F /* DemiurgeTaskTests.xctest */ = {isa = PBXFileReference; explicitFileType = wrapper.cfbundle; includeInIndex = 0; path = DemiurgeTaskTests.xctest; sourceTree = BUILT_PRODUCTS_DIR; };
		EFDB9C4F2C6A4FE700A7CC3F /* DemiurgeCellLogicTests.swift */ = {isa = PBXFileReference; lastKnownFileType = sourcecode.swift; path = DemiurgeCellLogicTests.swift; sourceTree = "<group>"; };
		EFDB9C552C6A4FE700A7CC3F /* DemiurgeTaskUITests.xctest */ = {isa = PBXFileReference; explicitFileType = wrapper.cfbundle; includeInIndex = 0; path = DemiurgeTaskUITests.xctest; sourceTree = BUILT_PRODUCTS_DIR; };
		EFDB9C592C6A4FE700A7CC3F /* DemiurgeTaskUITests.swift */ = {isa = PBXFileReference; lastKnownFileType = sourcecode.swift; path = DemiurgeTaskUITests.swift; sourceTree = "<group>"; };
		EFDB9C5B2C6A4FE700A7CC3F /* DemiurgeTaskUITestsLaunchTests.swift */ = {isa = PBXFileReference; lastKnownFileType = sourcecode.swift; path = DemiurgeTaskUITestsLaunchTests.swift; sourceTree = "<group>"; };
		EFDB9C682C6A550F00A7CC3F /* TableViewCell.xib */ = {isa = PBXFileReference; lastKnownFileType = file.xib; path = TableViewCell.xib; sourceTree = "<group>"; };
		EFDB9C6A2C6A8F8100A7CC3F /* DemiurgeCell.swift */ = {isa = PBXFileReference; lastKnownFileType = sourcecode.swift; path = DemiurgeCell.swift; sourceTree = "<group>"; };
		EFDB9C6C2C6A935400A7CC3F /* DemiurgeCellLogic.swift */ = {isa = PBXFileReference; lastKnownFileType = sourcecode.swift; path = DemiurgeCellLogic.swift; sourceTree = "<group>"; };
		EFDB9C6E2C6AADF200A7CC3F /* DemiurgeCellTypeGenerator.swift */ = {isa = PBXFileReference; lastKnownFileType = sourcecode.swift; path = DemiurgeCellTypeGenerator.swift; sourceTree = "<group>"; };
		EFDB9C702C6AB16300A7CC3F /* DemiurgeCellTypeGeneratorImplementation.swift */ = {isa = PBXFileReference; lastKnownFileType = sourcecode.swift; path = DemiurgeCellTypeGeneratorImplementation.swift; sourceTree = "<group>"; };
		EFDB9C762C6ABAD000A7CC3F /* TestableDemiurgeCellTypeGenerator.swift */ = {isa = PBXFileReference; lastKnownFileType = sourcecode.swift; path = TestableDemiurgeCellTypeGenerator.swift; sourceTree = "<group>"; };
		EFDB9C7B2C6B538900A7CC3F /* TableViewCell.swift */ = {isa = PBXFileReference; lastKnownFileType = sourcecode.swift; path = TableViewCell.swift; sourceTree = "<group>"; };
/* End PBXFileReference section */

/* Begin PBXFrameworksBuildPhase section */
		EFDB9C322C6A4FDA00A7CC3F /* Frameworks */ = {
			isa = PBXFrameworksBuildPhase;
			buildActionMask = 2147483647;
			files = (
			);
			runOnlyForDeploymentPostprocessing = 0;
		};
		EFDB9C482C6A4FE700A7CC3F /* Frameworks */ = {
			isa = PBXFrameworksBuildPhase;
			buildActionMask = 2147483647;
			files = (
			);
			runOnlyForDeploymentPostprocessing = 0;
		};
		EFDB9C522C6A4FE700A7CC3F /* Frameworks */ = {
			isa = PBXFrameworksBuildPhase;
			buildActionMask = 2147483647;
			files = (
			);
			runOnlyForDeploymentPostprocessing = 0;
		};
/* End PBXFrameworksBuildPhase section */

/* Begin PBXGroup section */
		EF196F072C6BF66700863ED3 /* App */ = {
			isa = PBXGroup;
			children = (
				EFDB9C382C6A4FDA00A7CC3F /* AppDelegate.swift */,
				EFDB9C3A2C6A4FDA00A7CC3F /* SceneDelegate.swift */,
			);
			path = App;
			sourceTree = "<group>";
		};
		EF196F082C6BF69900863ED3 /* Shared */ = {
			isa = PBXGroup;
			children = (
				EFDB9C6A2C6A8F8100A7CC3F /* DemiurgeCell.swift */,
				EFDB9C6C2C6A935400A7CC3F /* DemiurgeCellLogic.swift */,
				EFDB9C6E2C6AADF200A7CC3F /* DemiurgeCellTypeGenerator.swift */,
				EFDB9C702C6AB16300A7CC3F /* DemiurgeCellTypeGeneratorImplementation.swift */,
			);
			path = Shared;
			sourceTree = "<group>";
		};
		EF196F092C6BF6DE00863ED3 /* Resources */ = {
			isa = PBXGroup;
			children = (
				EFDB9C412C6A4FE600A7CC3F /* Assets.xcassets */,
				EFDB9C432C6A4FE600A7CC3F /* LaunchScreen.storyboard */,
				EFDB9C462C6A4FE600A7CC3F /* Info.plist */,
			);
			path = Resources;
			sourceTree = "<group>";
		};
		EF196F0A2C6BF71D00863ED3 /* Scenes */ = {
			isa = PBXGroup;
			children = (
				EF196F0B2C6BF73700863ED3 /* List */,
			);
			path = Scenes;
			sourceTree = "<group>";
		};
		EF196F0B2C6BF73700863ED3 /* List */ = {
			isa = PBXGroup;
			children = (
				EFDB9C3C2C6A4FDA00A7CC3F /* ListViewController.swift */,
				EF9287DF2C6B7A6D002A435D /* ListViewModel.swift */,
				EFDB9C3E2C6A4FDA00A7CC3F /* List.storyboard */,
				EFDB9C682C6A550F00A7CC3F /* TableViewCell.xib */,
				EFDB9C7B2C6B538900A7CC3F /* TableViewCell.swift */,
			);
			path = List;
			sourceTree = "<group>";
		};
		EFDB9C2C2C6A4FDA00A7CC3F = {
			isa = PBXGroup;
			children = (
				EFDB9C372C6A4FDA00A7CC3F /* DemiurgeTask */,
				EFDB9C4E2C6A4FE700A7CC3F /* DemiurgeTaskTests */,
				EFDB9C582C6A4FE700A7CC3F /* DemiurgeTaskUITests */,
				EFDB9C362C6A4FDA00A7CC3F /* Products */,
			);
			sourceTree = "<group>";
		};
		EFDB9C362C6A4FDA00A7CC3F /* Products */ = {
			isa = PBXGroup;
			children = (
				EFDB9C352C6A4FDA00A7CC3F /* DemiurgeTask.app */,
				EFDB9C4B2C6A4FE700A7CC3F /* DemiurgeTaskTests.xctest */,
				EFDB9C552C6A4FE700A7CC3F /* DemiurgeTaskUITests.xctest */,
			);
			name = Products;
			sourceTree = "<group>";
		};
		EFDB9C372C6A4FDA00A7CC3F /* DemiurgeTask */ = {
			isa = PBXGroup;
			children = (
				EF196F0A2C6BF71D00863ED3 /* Scenes */,
				EF196F092C6BF6DE00863ED3 /* Resources */,
				EF196F082C6BF69900863ED3 /* Shared */,
				EF196F072C6BF66700863ED3 /* App */,
			);
			path = DemiurgeTask;
			sourceTree = "<group>";
		};
		EFDB9C4E2C6A4FE700A7CC3F /* DemiurgeTaskTests */ = {
			isa = PBXGroup;
			children = (
				EFDB9C762C6ABAD000A7CC3F /* TestableDemiurgeCellTypeGenerator.swift */,
				EFDB9C4F2C6A4FE700A7CC3F /* DemiurgeCellLogicTests.swift */,
				EF4062D02C6B923B006E2D7E /* ListViewModelTests.swift */,
			);
			path = DemiurgeTaskTests;
			sourceTree = "<group>";
		};
		EFDB9C582C6A4FE700A7CC3F /* DemiurgeTaskUITests */ = {
			isa = PBXGroup;
			children = (
				EFDB9C592C6A4FE700A7CC3F /* DemiurgeTaskUITests.swift */,
				EFDB9C5B2C6A4FE700A7CC3F /* DemiurgeTaskUITestsLaunchTests.swift */,
			);
			path = DemiurgeTaskUITests;
			sourceTree = "<group>";
		};
/* End PBXGroup section */

/* Begin PBXNativeTarget section */
		EFDB9C342C6A4FDA00A7CC3F /* DemiurgeTask */ = {
			isa = PBXNativeTarget;
			buildConfigurationList = EFDB9C5F2C6A4FE700A7CC3F /* Build configuration list for PBXNativeTarget "DemiurgeTask" */;
			buildPhases = (
				EFDB9C312C6A4FDA00A7CC3F /* Sources */,
				EFDB9C322C6A4FDA00A7CC3F /* Frameworks */,
				EFDB9C332C6A4FDA00A7CC3F /* Resources */,
			);
			buildRules = (
			);
			dependencies = (
			);
			name = DemiurgeTask;
			productName = DemiurgeTask;
			productReference = EFDB9C352C6A4FDA00A7CC3F /* DemiurgeTask.app */;
			productType = "com.apple.product-type.application";
		};
		EFDB9C4A2C6A4FE700A7CC3F /* DemiurgeTaskTests */ = {
			isa = PBXNativeTarget;
			buildConfigurationList = EFDB9C622C6A4FE700A7CC3F /* Build configuration list for PBXNativeTarget "DemiurgeTaskTests" */;
			buildPhases = (
				EFDB9C472C6A4FE700A7CC3F /* Sources */,
				EFDB9C482C6A4FE700A7CC3F /* Frameworks */,
				EFDB9C492C6A4FE700A7CC3F /* Resources */,
			);
			buildRules = (
			);
			dependencies = (
				EFDB9C4D2C6A4FE700A7CC3F /* PBXTargetDependency */,
			);
			name = DemiurgeTaskTests;
			productName = DemiurgeTaskTests;
			productReference = EFDB9C4B2C6A4FE700A7CC3F /* DemiurgeTaskTests.xctest */;
			productType = "com.apple.product-type.bundle.unit-test";
		};
		EFDB9C542C6A4FE700A7CC3F /* DemiurgeTaskUITests */ = {
			isa = PBXNativeTarget;
			buildConfigurationList = EFDB9C652C6A4FE700A7CC3F /* Build configuration list for PBXNativeTarget "DemiurgeTaskUITests" */;
			buildPhases = (
				EFDB9C512C6A4FE700A7CC3F /* Sources */,
				EFDB9C522C6A4FE700A7CC3F /* Frameworks */,
				EFDB9C532C6A4FE700A7CC3F /* Resources */,
			);
			buildRules = (
			);
			dependencies = (
				EFDB9C572C6A4FE700A7CC3F /* PBXTargetDependency */,
			);
			name = DemiurgeTaskUITests;
			productName = DemiurgeTaskUITests;
			productReference = EFDB9C552C6A4FE700A7CC3F /* DemiurgeTaskUITests.xctest */;
			productType = "com.apple.product-type.bundle.ui-testing";
		};
/* End PBXNativeTarget section */

/* Begin PBXProject section */
		EFDB9C2D2C6A4FDA00A7CC3F /* Project object */ = {
			isa = PBXProject;
			attributes = {
				BuildIndependentTargetsInParallel = 1;
				LastSwiftUpdateCheck = 1430;
				LastUpgradeCheck = 1430;
				TargetAttributes = {
					EFDB9C342C6A4FDA00A7CC3F = {
						CreatedOnToolsVersion = 14.3.1;
					};
					EFDB9C4A2C6A4FE700A7CC3F = {
						CreatedOnToolsVersion = 14.3.1;
						TestTargetID = EFDB9C342C6A4FDA00A7CC3F;
					};
					EFDB9C542C6A4FE700A7CC3F = {
						CreatedOnToolsVersion = 14.3.1;
						TestTargetID = EFDB9C342C6A4FDA00A7CC3F;
					};
				};
			};
			buildConfigurationList = EFDB9C302C6A4FDA00A7CC3F /* Build configuration list for PBXProject "DemiurgeTask" */;
			compatibilityVersion = "Xcode 14.0";
			developmentRegion = en;
			hasScannedForEncodings = 0;
			knownRegions = (
				en,
				Base,
			);
			mainGroup = EFDB9C2C2C6A4FDA00A7CC3F;
			productRefGroup = EFDB9C362C6A4FDA00A7CC3F /* Products */;
			projectDirPath = "";
			projectRoot = "";
			targets = (
				EFDB9C342C6A4FDA00A7CC3F /* DemiurgeTask */,
				EFDB9C4A2C6A4FE700A7CC3F /* DemiurgeTaskTests */,
				EFDB9C542C6A4FE700A7CC3F /* DemiurgeTaskUITests */,
			);
		};
/* End PBXProject section */

/* Begin PBXResourcesBuildPhase section */
		EFDB9C332C6A4FDA00A7CC3F /* Resources */ = {
			isa = PBXResourcesBuildPhase;
			buildActionMask = 2147483647;
			files = (
				EFDB9C692C6A550F00A7CC3F /* TableViewCell.xib in Resources */,
				EFDB9C452C6A4FE600A7CC3F /* LaunchScreen.storyboard in Resources */,
				EFDB9C422C6A4FE600A7CC3F /* Assets.xcassets in Resources */,
				EFDB9C402C6A4FDA00A7CC3F /* List.storyboard in Resources */,
			);
			runOnlyForDeploymentPostprocessing = 0;
		};
		EFDB9C492C6A4FE700A7CC3F /* Resources */ = {
			isa = PBXResourcesBuildPhase;
			buildActionMask = 2147483647;
			files = (
			);
			runOnlyForDeploymentPostprocessing = 0;
		};
		EFDB9C532C6A4FE700A7CC3F /* Resources */ = {
			isa = PBXResourcesBuildPhase;
			buildActionMask = 2147483647;
			files = (
			);
			runOnlyForDeploymentPostprocessing = 0;
		};
/* End PBXResourcesBuildPhase section */

/* Begin PBXSourcesBuildPhase section */
		EFDB9C312C6A4FDA00A7CC3F /* Sources */ = {
			isa = PBXSourcesBuildPhase;
			buildActionMask = 2147483647;
			files = (
				EFDB9C3D2C6A4FDA00A7CC3F /* ListViewController.swift in Sources */,
				EFDB9C7C2C6B538900A7CC3F /* TableViewCell.swift in Sources */,
				EFDB9C392C6A4FDA00A7CC3F /* AppDelegate.swift in Sources */,
				EFDB9C6D2C6A935400A7CC3F /* DemiurgeCellLogic.swift in Sources */,
				EFDB9C6F2C6AADF200A7CC3F /* DemiurgeCellTypeGenerator.swift in Sources */,
				EF9287E02C6B7A6D002A435D /* ListViewModel.swift in Sources */,
				EFDB9C3B2C6A4FDA00A7CC3F /* SceneDelegate.swift in Sources */,
				EFDB9C6B2C6A8F8100A7CC3F /* DemiurgeCell.swift in Sources */,
				EFDB9C712C6AB16300A7CC3F /* DemiurgeCellTypeGeneratorImplementation.swift in Sources */,
			);
			runOnlyForDeploymentPostprocessing = 0;
		};
		EFDB9C472C6A4FE700A7CC3F /* Sources */ = {
			isa = PBXSourcesBuildPhase;
			buildActionMask = 2147483647;
			files = (
				EFDB9C502C6A4FE700A7CC3F /* DemiurgeCellLogicTests.swift in Sources */,
				EF8B342A2C6BA7B80033D82F /* DemiurgeCellTypeGeneratorImplementation.swift in Sources */,
				EFDB9C782C6ABADF00A7CC3F /* TestableDemiurgeCellTypeGenerator.swift in Sources */,
				EF4062D22C6B9372006E2D7E /* ListViewModel.swift in Sources */,
				EF4062D12C6B923B006E2D7E /* ListViewModelTests.swift in Sources */,
				EFDB9C7A2C6ABC2C00A7CC3F /* DemiurgeCellLogic.swift in Sources */,
				EFDB9C722C6AB18D00A7CC3F /* DemiurgeCellTypeGenerator.swift in Sources */,
				EFDB9C752C6AB20500A7CC3F /* DemiurgeCell.swift in Sources */,
			);
			runOnlyForDeploymentPostprocessing = 0;
		};
		EFDB9C512C6A4FE700A7CC3F /* Sources */ = {
			isa = PBXSourcesBuildPhase;
			buildActionMask = 2147483647;
			files = (
				EFDB9C5A2C6A4FE700A7CC3F /* DemiurgeTaskUITests.swift in Sources */,
				EFDB9C5C2C6A4FE700A7CC3F /* DemiurgeTaskUITestsLaunchTests.swift in Sources */,
			);
			runOnlyForDeploymentPostprocessing = 0;
		};
/* End PBXSourcesBuildPhase section */

/* Begin PBXTargetDependency section */
		EFDB9C4D2C6A4FE700A7CC3F /* PBXTargetDependency */ = {
			isa = PBXTargetDependency;
			target = EFDB9C342C6A4FDA00A7CC3F /* DemiurgeTask */;
			targetProxy = EFDB9C4C2C6A4FE700A7CC3F /* PBXContainerItemProxy */;
		};
		EFDB9C572C6A4FE700A7CC3F /* PBXTargetDependency */ = {
			isa = PBXTargetDependency;
			target = EFDB9C342C6A4FDA00A7CC3F /* DemiurgeTask */;
			targetProxy = EFDB9C562C6A4FE700A7CC3F /* PBXContainerItemProxy */;
		};
/* End PBXTargetDependency section */

/* Begin PBXVariantGroup section */
		EFDB9C3E2C6A4FDA00A7CC3F /* List.storyboard */ = {
			isa = PBXVariantGroup;
			children = (
				EFDB9C3F2C6A4FDA00A7CC3F /* Base */,
			);
			name = List.storyboard;
			sourceTree = "<group>";
		};
		EFDB9C432C6A4FE600A7CC3F /* LaunchScreen.storyboard */ = {
			isa = PBXVariantGroup;
			children = (
				EFDB9C442C6A4FE600A7CC3F /* Base */,
			);
			name = LaunchScreen.storyboard;
			sourceTree = "<group>";
		};
/* End PBXVariantGroup section */

/* Begin XCBuildConfiguration section */
		EFDB9C5D2C6A4FE700A7CC3F /* Debug */ = {
			isa = XCBuildConfiguration;
			buildSettings = {
				ALWAYS_SEARCH_USER_PATHS = NO;
				CLANG_ANALYZER_NONNULL = YES;
				CLANG_ANALYZER_NUMBER_OBJECT_CONVERSION = YES_AGGRESSIVE;
				CLANG_CXX_LANGUAGE_STANDARD = "gnu++20";
				CLANG_ENABLE_MODULES = YES;
				CLANG_ENABLE_OBJC_ARC = YES;
				CLANG_ENABLE_OBJC_WEAK = YES;
				CLANG_WARN_BLOCK_CAPTURE_AUTORELEASING = YES;
				CLANG_WARN_BOOL_CONVERSION = YES;
				CLANG_WARN_COMMA = YES;
				CLANG_WARN_CONSTANT_CONVERSION = YES;
				CLANG_WARN_DEPRECATED_OBJC_IMPLEMENTATIONS = YES;
				CLANG_WARN_DIRECT_OBJC_ISA_USAGE = YES_ERROR;
				CLANG_WARN_DOCUMENTATION_COMMENTS = YES;
				CLANG_WARN_EMPTY_BODY = YES;
				CLANG_WARN_ENUM_CONVERSION = YES;
				CLANG_WARN_INFINITE_RECURSION = YES;
				CLANG_WARN_INT_CONVERSION = YES;
				CLANG_WARN_NON_LITERAL_NULL_CONVERSION = YES;
				CLANG_WARN_OBJC_IMPLICIT_RETAIN_SELF = YES;
				CLANG_WARN_OBJC_LITERAL_CONVERSION = YES;
				CLANG_WARN_OBJC_ROOT_CLASS = YES_ERROR;
				CLANG_WARN_QUOTED_INCLUDE_IN_FRAMEWORK_HEADER = YES;
				CLANG_WARN_RANGE_LOOP_ANALYSIS = YES;
				CLANG_WARN_STRICT_PROTOTYPES = YES;
				CLANG_WARN_SUSPICIOUS_MOVE = YES;
				CLANG_WARN_UNGUARDED_AVAILABILITY = YES_AGGRESSIVE;
				CLANG_WARN_UNREACHABLE_CODE = YES;
				CLANG_WARN__DUPLICATE_METHOD_MATCH = YES;
				COPY_PHASE_STRIP = NO;
				DEBUG_INFORMATION_FORMAT = dwarf;
				ENABLE_STRICT_OBJC_MSGSEND = YES;
				ENABLE_TESTABILITY = YES;
				GCC_C_LANGUAGE_STANDARD = gnu11;
				GCC_DYNAMIC_NO_PIC = NO;
				GCC_NO_COMMON_BLOCKS = YES;
				GCC_OPTIMIZATION_LEVEL = 0;
				GCC_PREPROCESSOR_DEFINITIONS = (
					"DEBUG=1",
					"$(inherited)",
				);
				GCC_WARN_64_TO_32_BIT_CONVERSION = YES;
				GCC_WARN_ABOUT_RETURN_TYPE = YES_ERROR;
				GCC_WARN_UNDECLARED_SELECTOR = YES;
				GCC_WARN_UNINITIALIZED_AUTOS = YES_AGGRESSIVE;
				GCC_WARN_UNUSED_FUNCTION = YES;
				GCC_WARN_UNUSED_VARIABLE = YES;
				IPHONEOS_DEPLOYMENT_TARGET = 16.4;
				MTL_ENABLE_DEBUG_INFO = INCLUDE_SOURCE;
				MTL_FAST_MATH = YES;
				ONLY_ACTIVE_ARCH = YES;
				SDKROOT = iphoneos;
				SWIFT_ACTIVE_COMPILATION_CONDITIONS = DEBUG;
				SWIFT_OPTIMIZATION_LEVEL = "-Onone";
			};
			name = Debug;
		};
		EFDB9C5E2C6A4FE700A7CC3F /* Release */ = {
			isa = XCBuildConfiguration;
			buildSettings = {
				ALWAYS_SEARCH_USER_PATHS = NO;
				CLANG_ANALYZER_NONNULL = YES;
				CLANG_ANALYZER_NUMBER_OBJECT_CONVERSION = YES_AGGRESSIVE;
				CLANG_CXX_LANGUAGE_STANDARD = "gnu++20";
				CLANG_ENABLE_MODULES = YES;
				CLANG_ENABLE_OBJC_ARC = YES;
				CLANG_ENABLE_OBJC_WEAK = YES;
				CLANG_WARN_BLOCK_CAPTURE_AUTORELEASING = YES;
				CLANG_WARN_BOOL_CONVERSION = YES;
				CLANG_WARN_COMMA = YES;
				CLANG_WARN_CONSTANT_CONVERSION = YES;
				CLANG_WARN_DEPRECATED_OBJC_IMPLEMENTATIONS = YES;
				CLANG_WARN_DIRECT_OBJC_ISA_USAGE = YES_ERROR;
				CLANG_WARN_DOCUMENTATION_COMMENTS = YES;
				CLANG_WARN_EMPTY_BODY = YES;
				CLANG_WARN_ENUM_CONVERSION = YES;
				CLANG_WARN_INFINITE_RECURSION = YES;
				CLANG_WARN_INT_CONVERSION = YES;
				CLANG_WARN_NON_LITERAL_NULL_CONVERSION = YES;
				CLANG_WARN_OBJC_IMPLICIT_RETAIN_SELF = YES;
				CLANG_WARN_OBJC_LITERAL_CONVERSION = YES;
				CLANG_WARN_OBJC_ROOT_CLASS = YES_ERROR;
				CLANG_WARN_QUOTED_INCLUDE_IN_FRAMEWORK_HEADER = YES;
				CLANG_WARN_RANGE_LOOP_ANALYSIS = YES;
				CLANG_WARN_STRICT_PROTOTYPES = YES;
				CLANG_WARN_SUSPICIOUS_MOVE = YES;
				CLANG_WARN_UNGUARDED_AVAILABILITY = YES_AGGRESSIVE;
				CLANG_WARN_UNREACHABLE_CODE = YES;
				CLANG_WARN__DUPLICATE_METHOD_MATCH = YES;
				COPY_PHASE_STRIP = NO;
				DEBUG_INFORMATION_FORMAT = "dwarf-with-dsym";
				ENABLE_NS_ASSERTIONS = NO;
				ENABLE_STRICT_OBJC_MSGSEND = YES;
				GCC_C_LANGUAGE_STANDARD = gnu11;
				GCC_NO_COMMON_BLOCKS = YES;
				GCC_WARN_64_TO_32_BIT_CONVERSION = YES;
				GCC_WARN_ABOUT_RETURN_TYPE = YES_ERROR;
				GCC_WARN_UNDECLARED_SELECTOR = YES;
				GCC_WARN_UNINITIALIZED_AUTOS = YES_AGGRESSIVE;
				GCC_WARN_UNUSED_FUNCTION = YES;
				GCC_WARN_UNUSED_VARIABLE = YES;
				IPHONEOS_DEPLOYMENT_TARGET = 16.4;
				MTL_ENABLE_DEBUG_INFO = NO;
				MTL_FAST_MATH = YES;
				SDKROOT = iphoneos;
				SWIFT_COMPILATION_MODE = wholemodule;
				SWIFT_OPTIMIZATION_LEVEL = "-O";
				VALIDATE_PRODUCT = YES;
			};
			name = Release;
		};
		EFDB9C602C6A4FE700A7CC3F /* Debug */ = {
			isa = XCBuildConfiguration;
			buildSettings = {
				ASSETCATALOG_COMPILER_APPICON_NAME = AppIcon;
				ASSETCATALOG_COMPILER_GLOBAL_ACCENT_COLOR_NAME = AccentColor;
				CODE_SIGN_STYLE = Automatic;
				CURRENT_PROJECT_VERSION = 1;
				DEVELOPMENT_TEAM = GGBRYLM9ZW;
				GENERATE_INFOPLIST_FILE = YES;
				INFOPLIST_FILE = DemiurgeTask/Info.plist;
				INFOPLIST_KEY_UIApplicationSupportsIndirectInputEvents = YES;
				INFOPLIST_KEY_UILaunchStoryboardName = LaunchScreen;
				INFOPLIST_KEY_UIMainStoryboardFile = Main;
				INFOPLIST_KEY_UISupportedInterfaceOrientations_iPad = "UIInterfaceOrientationPortrait UIInterfaceOrientationPortraitUpsideDown UIInterfaceOrientationLandscapeLeft UIInterfaceOrientationLandscapeRight";
				INFOPLIST_KEY_UISupportedInterfaceOrientations_iPhone = "UIInterfaceOrientationPortrait UIInterfaceOrientationLandscapeLeft UIInterfaceOrientationLandscapeRight";
				LD_RUNPATH_SEARCH_PATHS = (
					"$(inherited)",
					"@executable_path/Frameworks",
				);
				MARKETING_VERSION = 1.0;
				PRODUCT_BUNDLE_IDENTIFIER = dmitrijmartianov.DemiurgeTask;
				PRODUCT_NAME = "$(TARGET_NAME)";
				SWIFT_EMIT_LOC_STRINGS = YES;
				SWIFT_VERSION = 5.0;
				TARGETED_DEVICE_FAMILY = "1,2";
			};
			name = Debug;
		};
		EFDB9C612C6A4FE700A7CC3F /* Release */ = {
			isa = XCBuildConfiguration;
			buildSettings = {
				ASSETCATALOG_COMPILER_APPICON_NAME = AppIcon;
				ASSETCATALOG_COMPILER_GLOBAL_ACCENT_COLOR_NAME = AccentColor;
				CODE_SIGN_STYLE = Automatic;
				CURRENT_PROJECT_VERSION = 1;
				DEVELOPMENT_TEAM = GGBRYLM9ZW;
				GENERATE_INFOPLIST_FILE = YES;
				INFOPLIST_FILE = DemiurgeTask/Info.plist;
				INFOPLIST_KEY_UIApplicationSupportsIndirectInputEvents = YES;
				INFOPLIST_KEY_UILaunchStoryboardName = LaunchScreen;
				INFOPLIST_KEY_UIMainStoryboardFile = Main;
				INFOPLIST_KEY_UISupportedInterfaceOrientations_iPad = "UIInterfaceOrientationPortrait UIInterfaceOrientationPortraitUpsideDown UIInterfaceOrientationLandscapeLeft UIInterfaceOrientationLandscapeRight";
				INFOPLIST_KEY_UISupportedInterfaceOrientations_iPhone = "UIInterfaceOrientationPortrait UIInterfaceOrientationLandscapeLeft UIInterfaceOrientationLandscapeRight";
				LD_RUNPATH_SEARCH_PATHS = (
					"$(inherited)",
					"@executable_path/Frameworks",
				);
				MARKETING_VERSION = 1.0;
				PRODUCT_BUNDLE_IDENTIFIER = dmitrijmartianov.DemiurgeTask;
				PRODUCT_NAME = "$(TARGET_NAME)";
				SWIFT_EMIT_LOC_STRINGS = YES;
				SWIFT_VERSION = 5.0;
				TARGETED_DEVICE_FAMILY = "1,2";
			};
			name = Release;
		};
		EFDB9C632C6A4FE700A7CC3F /* Debug */ = {
			isa = XCBuildConfiguration;
			buildSettings = {
				ALWAYS_EMBED_SWIFT_STANDARD_LIBRARIES = YES;
				BUNDLE_LOADER = "$(TEST_HOST)";
				CODE_SIGN_STYLE = Automatic;
				CURRENT_PROJECT_VERSION = 1;
				DEVELOPMENT_TEAM = GGBRYLM9ZW;
				GENERATE_INFOPLIST_FILE = YES;
				IPHONEOS_DEPLOYMENT_TARGET = 16.4;
				MARKETING_VERSION = 1.0;
				PRODUCT_BUNDLE_IDENTIFIER = dmitrijmartianov.DemiurgeTaskTests;
				PRODUCT_NAME = "$(TARGET_NAME)";
				SWIFT_EMIT_LOC_STRINGS = NO;
				SWIFT_VERSION = 5.0;
				TARGETED_DEVICE_FAMILY = "1,2";
				TEST_HOST = "$(BUILT_PRODUCTS_DIR)/DemiurgeTask.app/$(BUNDLE_EXECUTABLE_FOLDER_PATH)/DemiurgeTask";
			};
			name = Debug;
		};
		EFDB9C642C6A4FE700A7CC3F /* Release */ = {
			isa = XCBuildConfiguration;
			buildSettings = {
				ALWAYS_EMBED_SWIFT_STANDARD_LIBRARIES = YES;
				BUNDLE_LOADER = "$(TEST_HOST)";
				CODE_SIGN_STYLE = Automatic;
				CURRENT_PROJECT_VERSION = 1;
				DEVELOPMENT_TEAM = GGBRYLM9ZW;
				GENERATE_INFOPLIST_FILE = YES;
				IPHONEOS_DEPLOYMENT_TARGET = 16.4;
				MARKETING_VERSION = 1.0;
				PRODUCT_BUNDLE_IDENTIFIER = dmitrijmartianov.DemiurgeTaskTests;
				PRODUCT_NAME = "$(TARGET_NAME)";
				SWIFT_EMIT_LOC_STRINGS = NO;
				SWIFT_VERSION = 5.0;
				TARGETED_DEVICE_FAMILY = "1,2";
				TEST_HOST = "$(BUILT_PRODUCTS_DIR)/DemiurgeTask.app/$(BUNDLE_EXECUTABLE_FOLDER_PATH)/DemiurgeTask";
			};
			name = Release;
		};
		EFDB9C662C6A4FE700A7CC3F /* Debug */ = {
			isa = XCBuildConfiguration;
			buildSettings = {
				ALWAYS_EMBED_SWIFT_STANDARD_LIBRARIES = YES;
				CODE_SIGN_STYLE = Automatic;
				CURRENT_PROJECT_VERSION = 1;
				DEVELOPMENT_TEAM = GGBRYLM9ZW;
				GENERATE_INFOPLIST_FILE = YES;
				MARKETING_VERSION = 1.0;
				PRODUCT_BUNDLE_IDENTIFIER = dmitrijmartianov.DemiurgeTaskUITests;
				PRODUCT_NAME = "$(TARGET_NAME)";
				SWIFT_EMIT_LOC_STRINGS = NO;
				SWIFT_VERSION = 5.0;
				TARGETED_DEVICE_FAMILY = "1,2";
				TEST_TARGET_NAME = DemiurgeTask;
			};
			name = Debug;
		};
		EFDB9C672C6A4FE700A7CC3F /* Release */ = {
			isa = XCBuildConfiguration;
			buildSettings = {
				ALWAYS_EMBED_SWIFT_STANDARD_LIBRARIES = YES;
				CODE_SIGN_STYLE = Automatic;
				CURRENT_PROJECT_VERSION = 1;
				DEVELOPMENT_TEAM = GGBRYLM9ZW;
				GENERATE_INFOPLIST_FILE = YES;
				MARKETING_VERSION = 1.0;
				PRODUCT_BUNDLE_IDENTIFIER = dmitrijmartianov.DemiurgeTaskUITests;
				PRODUCT_NAME = "$(TARGET_NAME)";
				SWIFT_EMIT_LOC_STRINGS = NO;
				SWIFT_VERSION = 5.0;
				TARGETED_DEVICE_FAMILY = "1,2";
				TEST_TARGET_NAME = DemiurgeTask;
			};
			name = Release;
		};
/* End XCBuildConfiguration section */

/* Begin XCConfigurationList section */
		EFDB9C302C6A4FDA00A7CC3F /* Build configuration list for PBXProject "DemiurgeTask" */ = {
			isa = XCConfigurationList;
			buildConfigurations = (
				EFDB9C5D2C6A4FE700A7CC3F /* Debug */,
				EFDB9C5E2C6A4FE700A7CC3F /* Release */,
			);
			defaultConfigurationIsVisible = 0;
			defaultConfigurationName = Release;
		};
		EFDB9C5F2C6A4FE700A7CC3F /* Build configuration list for PBXNativeTarget "DemiurgeTask" */ = {
			isa = XCConfigurationList;
			buildConfigurations = (
				EFDB9C602C6A4FE700A7CC3F /* Debug */,
				EFDB9C612C6A4FE700A7CC3F /* Release */,
			);
			defaultConfigurationIsVisible = 0;
			defaultConfigurationName = Release;
		};
		EFDB9C622C6A4FE700A7CC3F /* Build configuration list for PBXNativeTarget "DemiurgeTaskTests" */ = {
			isa = XCConfigurationList;
			buildConfigurations = (
				EFDB9C632C6A4FE700A7CC3F /* Debug */,
				EFDB9C642C6A4FE700A7CC3F /* Release */,
			);
			defaultConfigurationIsVisible = 0;
			defaultConfigurationName = Release;
		};
		EFDB9C652C6A4FE700A7CC3F /* Build configuration list for PBXNativeTarget "DemiurgeTaskUITests" */ = {
			isa = XCConfigurationList;
			buildConfigurations = (
				EFDB9C662C6A4FE700A7CC3F /* Debug */,
				EFDB9C672C6A4FE700A7CC3F /* Release */,
			);
			defaultConfigurationIsVisible = 0;
			defaultConfigurationName = Release;
		};
/* End XCConfigurationList section */
	};
	rootObject = EFDB9C2D2C6A4FDA00A7CC3F /* Project object */;
}
